lockfileVersion: '6.0'

dependencies:
  '@inertiajs/core':
    specifier: ^1.0.6
    version: 1.0.6
  lodash.clonedeep:
    specifier: ^4.5.0
    version: 4.5.0
  lodash.isequal:
    specifier: ^4.5.0
    version: 4.5.0

devDependencies:
  '@solidjs/meta':
    specifier: ^0.28.5
    version: 0.28.5(solid-js@1.7.5)
  '@types/node':
    specifier: ^20.1.2
    version: 20.1.2
  esbuild:
    specifier: ^0.16.17
    version: 0.16.17
  esbuild-node-externals:
    specifier: ^1.7.0
    version: 1.7.0(esbuild@0.16.17)
  prettier:
    specifier: ^2.8.8
    version: 2.8.8
  prettier-plugin-organize-imports:
    specifier: ^3.2.2
    version: 3.2.2(prettier@2.8.8)(typescript@5.0.4)
  solid-js:
    specifier: ^1.7.5
    version: 1.7.5
  typescript:
    specifier: ^5.0.4
    version: 5.0.4

packages:

  /@esbuild/android-arm64@0.16.17:
    resolution: {integrity: sha512-MIGl6p5sc3RDTLLkYL1MyL8BMRN4tLMRCn+yRJJmEDvYZ2M7tmAf80hx1kbNEUX2KJ50RRtxZ4JHLvCfuB6kBg==}
    engines: {node: '>=12'}
    cpu: [arm64]
    os: [android]
    requiresBuild: true
    dev: true
    optional: true

  /@esbuild/android-arm@0.16.17:
    resolution: {integrity: sha512-N9x1CMXVhtWEAMS7pNNONyA14f71VPQN9Cnavj1XQh6T7bskqiLLrSca4O0Vr8Wdcga943eThxnVp3JLnBMYtw==}
    engines: {node: '>=12'}
    cpu: [arm]
    os: [android]
    requiresBuild: true
    dev: true
    optional: true

  /@esbuild/android-x64@0.16.17:
    resolution: {integrity: sha512-a3kTv3m0Ghh4z1DaFEuEDfz3OLONKuFvI4Xqczqx4BqLyuFaFkuaG4j2MtA6fuWEFeC5x9IvqnX7drmRq/fyAQ==}
    engines: {node: '>=12'}
    cpu: [x64]
    os: [android]
    requiresBuild: true
    dev: true
    optional: true

  /@esbuild/darwin-arm64@0.16.17:
    resolution: {integrity: sha512-/2agbUEfmxWHi9ARTX6OQ/KgXnOWfsNlTeLcoV7HSuSTv63E4DqtAc+2XqGw1KHxKMHGZgbVCZge7HXWX9Vn+w==}
    engines: {node: '>=12'}
    cpu: [arm64]
    os: [darwin]
    requiresBuild: true
    dev: true
    optional: true

  /@esbuild/darwin-x64@0.16.17:
    resolution: {integrity: sha512-2By45OBHulkd9Svy5IOCZt376Aa2oOkiE9QWUK9fe6Tb+WDr8hXL3dpqi+DeLiMed8tVXspzsTAvd0jUl96wmg==}
    engines: {node: '>=12'}
    cpu: [x64]
    os: [darwin]
    requiresBuild: true
    dev: true
    optional: true

  /@esbuild/freebsd-arm64@0.16.17:
    resolution: {integrity: sha512-mt+cxZe1tVx489VTb4mBAOo2aKSnJ33L9fr25JXpqQqzbUIw/yzIzi+NHwAXK2qYV1lEFp4OoVeThGjUbmWmdw==}
    engines: {node: '>=12'}
    cpu: [arm64]
    os: [freebsd]
    requiresBuild: true
    dev: true
    optional: true

  /@esbuild/freebsd-x64@0.16.17:
    resolution: {integrity: sha512-8ScTdNJl5idAKjH8zGAsN7RuWcyHG3BAvMNpKOBaqqR7EbUhhVHOqXRdL7oZvz8WNHL2pr5+eIT5c65kA6NHug==}
    engines: {node: '>=12'}
    cpu: [x64]
    os: [freebsd]
    requiresBuild: true
    dev: true
    optional: true

  /@esbuild/linux-arm64@0.16.17:
    resolution: {integrity: sha512-7S8gJnSlqKGVJunnMCrXHU9Q8Q/tQIxk/xL8BqAP64wchPCTzuM6W3Ra8cIa1HIflAvDnNOt2jaL17vaW+1V0g==}
    engines: {node: '>=12'}
    cpu: [arm64]
    os: [linux]
    requiresBuild: true
    dev: true
    optional: true

  /@esbuild/linux-arm@0.16.17:
    resolution: {integrity: sha512-iihzrWbD4gIT7j3caMzKb/RsFFHCwqqbrbH9SqUSRrdXkXaygSZCZg1FybsZz57Ju7N/SHEgPyaR0LZ8Zbe9gQ==}
    engines: {node: '>=12'}
    cpu: [arm]
    os: [linux]
    requiresBuild: true
    dev: true
    optional: true

  /@esbuild/linux-ia32@0.16.17:
    resolution: {integrity: sha512-kiX69+wcPAdgl3Lonh1VI7MBr16nktEvOfViszBSxygRQqSpzv7BffMKRPMFwzeJGPxcio0pdD3kYQGpqQ2SSg==}
    engines: {node: '>=12'}
    cpu: [ia32]
    os: [linux]
    requiresBuild: true
    dev: true
    optional: true

  /@esbuild/linux-loong64@0.16.17:
    resolution: {integrity: sha512-dTzNnQwembNDhd654cA4QhbS9uDdXC3TKqMJjgOWsC0yNCbpzfWoXdZvp0mY7HU6nzk5E0zpRGGx3qoQg8T2DQ==}
    engines: {node: '>=12'}
    cpu: [loong64]
    os: [linux]
    requiresBuild: true
    dev: true
    optional: true

  /@esbuild/linux-mips64el@0.16.17:
    resolution: {integrity: sha512-ezbDkp2nDl0PfIUn0CsQ30kxfcLTlcx4Foz2kYv8qdC6ia2oX5Q3E/8m6lq84Dj/6b0FrkgD582fJMIfHhJfSw==}
    engines: {node: '>=12'}
    cpu: [mips64el]
    os: [linux]
    requiresBuild: true
    dev: true
    optional: true

  /@esbuild/linux-ppc64@0.16.17:
    resolution: {integrity: sha512-dzS678gYD1lJsW73zrFhDApLVdM3cUF2MvAa1D8K8KtcSKdLBPP4zZSLy6LFZ0jYqQdQ29bjAHJDgz0rVbLB3g==}
    engines: {node: '>=12'}
    cpu: [ppc64]
    os: [linux]
    requiresBuild: true
    dev: true
    optional: true

  /@esbuild/linux-riscv64@0.16.17:
    resolution: {integrity: sha512-ylNlVsxuFjZK8DQtNUwiMskh6nT0vI7kYl/4fZgV1llP5d6+HIeL/vmmm3jpuoo8+NuXjQVZxmKuhDApK0/cKw==}
    engines: {node: '>=12'}
    cpu: [riscv64]
    os: [linux]
    requiresBuild: true
    dev: true
    optional: true

  /@esbuild/linux-s390x@0.16.17:
    resolution: {integrity: sha512-gzy7nUTO4UA4oZ2wAMXPNBGTzZFP7mss3aKR2hH+/4UUkCOyqmjXiKpzGrY2TlEUhbbejzXVKKGazYcQTZWA/w==}
    engines: {node: '>=12'}
    cpu: [s390x]
    os: [linux]
    requiresBuild: true
    dev: true
    optional: true

  /@esbuild/linux-x64@0.16.17:
    resolution: {integrity: sha512-mdPjPxfnmoqhgpiEArqi4egmBAMYvaObgn4poorpUaqmvzzbvqbowRllQ+ZgzGVMGKaPkqUmPDOOFQRUFDmeUw==}
    engines: {node: '>=12'}
    cpu: [x64]
    os: [linux]
    requiresBuild: true
    dev: true
    optional: true

  /@esbuild/netbsd-x64@0.16.17:
    resolution: {integrity: sha512-/PzmzD/zyAeTUsduZa32bn0ORug+Jd1EGGAUJvqfeixoEISYpGnAezN6lnJoskauoai0Jrs+XSyvDhppCPoKOA==}
    engines: {node: '>=12'}
    cpu: [x64]
    os: [netbsd]
    requiresBuild: true
    dev: true
    optional: true

  /@esbuild/openbsd-x64@0.16.17:
    resolution: {integrity: sha512-2yaWJhvxGEz2RiftSk0UObqJa/b+rIAjnODJgv2GbGGpRwAfpgzyrg1WLK8rqA24mfZa9GvpjLcBBg8JHkoodg==}
    engines: {node: '>=12'}
    cpu: [x64]
    os: [openbsd]
    requiresBuild: true
    dev: true
    optional: true

  /@esbuild/sunos-x64@0.16.17:
    resolution: {integrity: sha512-xtVUiev38tN0R3g8VhRfN7Zl42YCJvyBhRKw1RJjwE1d2emWTVToPLNEQj/5Qxc6lVFATDiy6LjVHYhIPrLxzw==}
    engines: {node: '>=12'}
    cpu: [x64]
    os: [sunos]
    requiresBuild: true
    dev: true
    optional: true

  /@esbuild/win32-arm64@0.16.17:
    resolution: {integrity: sha512-ga8+JqBDHY4b6fQAmOgtJJue36scANy4l/rL97W+0wYmijhxKetzZdKOJI7olaBaMhWt8Pac2McJdZLxXWUEQw==}
    engines: {node: '>=12'}
    cpu: [arm64]
    os: [win32]
    requiresBuild: true
    dev: true
    optional: true

  /@esbuild/win32-ia32@0.16.17:
    resolution: {integrity: sha512-WnsKaf46uSSF/sZhwnqE4L/F89AYNMiD4YtEcYekBt9Q7nj0DiId2XH2Ng2PHM54qi5oPrQ8luuzGszqi/veig==}
    engines: {node: '>=12'}
    cpu: [ia32]
    os: [win32]
    requiresBuild: true
    dev: true
    optional: true

  /@esbuild/win32-x64@0.16.17:
    resolution: {integrity: sha512-y+EHuSchhL7FjHgvQL/0fnnFmO4T1bhvWANX6gcnqTjtnKWbTvUMCpGnv2+t+31d7RzyEAYAd4u2fnIhHL6N/Q==}
    engines: {node: '>=12'}
    cpu: [x64]
    os: [win32]
    requiresBuild: true
    dev: true
    optional: true

  /@inertiajs/core@1.0.6:
    resolution: {integrity: sha512-l1fna4c9h2Tw8EWRGrYd8XVOsNI9rNGKLiAnTfbW+tbcpCtsoBIDmp2OZpeMsBw8tuO7qJV+V01G11nsajrJdQ==}
    dependencies:
      axios: 1.4.0
      deepmerge: 4.3.1
      nprogress: 0.2.0
      qs: 6.11.1
    transitivePeerDependencies:
      - debug
    dev: false

  /@solidjs/meta@0.28.5(solid-js@1.7.5):
    resolution: {integrity: sha512-52luJR6hVNMA1K8Od5OD0d8WVz/svqZG4is8lrDimiUGxdia3DzuLF+pK56dnEzbNt9cA42qVFL134U9LkC9Gg==}
    peerDependencies:
      solid-js: '>=1.4.0'
    dependencies:
      solid-js: 1.7.5
    dev: true

  /@types/node@20.1.2:
    resolution: {integrity: sha512-CTO/wa8x+rZU626cL2BlbCDzydgnFNgc19h4YvizpTO88MFQxab8wqisxaofQJ/9bLGugRdWIuX/TbIs6VVF6g==}
    dev: true

  /asynckit@0.4.0:
    resolution: {integrity: sha512-Oei9OH4tRh0YqU3GxhX79dM/mwVgvbZJaSNaRk+bshkj0S5cfHcgYakreBjrHwatXKbz+IoIdYLxrKim2MjW0Q==}
    dev: false

  /axios@1.4.0:
    resolution: {integrity: sha512-S4XCWMEmzvo64T9GfvQDOXgYRDJ/wsSZc7Jvdgx5u1sd0JwsuPLqb3SYmusag+edF6ziyMensPVqLTSc1PiSEA==}
    dependencies:
      follow-redirects: 1.15.2
      form-data: 4.0.0
      proxy-from-env: 1.1.0
    transitivePeerDependencies:
      - debug
    dev: false

  /call-bind@1.0.2:
    resolution: {integrity: sha512-7O+FbCihrB5WGbFYesctwmTKae6rOiIzmz1icreWJ+0aA7LJfuqhEso2T9ncpcFtzMQtzXf2QGGueWJGTYsqrA==}
    dependencies:
      function-bind: 1.1.1
      get-intrinsic: 1.2.0
    dev: false

  /combined-stream@1.0.8:
    resolution: {integrity: sha512-FQN4MRfuJeHf7cBbBMJFXhKSDq+2kAArBlmRBvcvFE5BB1HZKXtSFASDhdlz9zOYwxh8lDdnvmMOe/+5cdoEdg==}
    engines: {node: '>= 0.8'}
    dependencies:
      delayed-stream: 1.0.0
    dev: false

  /csstype@3.1.2:
    resolution: {integrity: sha512-I7K1Uu0MBPzaFKg4nI5Q7Vs2t+3gWWW648spaF+Rg7pI9ds18Ugn+lvg4SHczUdKlHI5LWBXyqfS8+DufyBsgQ==}
    dev: true

  /deepmerge@4.3.1:
    resolution: {integrity: sha512-3sUqbMEc77XqpdNO7FRyRog+eW3ph+GYCbj+rK+uYyRMuwsVy0rMiVtPn+QJlKFvWP/1PYpapqYn0Me2knFn+A==}
    engines: {node: '>=0.10.0'}
    dev: false

  /delayed-stream@1.0.0:
    resolution: {integrity: sha512-ZySD7Nf91aLB0RxL4KGrKHBXl7Eds1DAmEdcoVawXnLD7SDhpNgtuII2aAkg7a7QS41jxPSZ17p4VdGnMHk3MQ==}
    engines: {node: '>=0.4.0'}
    dev: false

  /esbuild-node-externals@1.7.0(esbuild@0.16.17):
    resolution: {integrity: sha512-nfY3hxtO2anCTZ87LgfzCTfBuyG6de+NyiCNMF1mgrBufS0NgoYlBwF77HHuOInsJLxsAJf0BfLeV6ekZ3hRuA==}
    engines: {node: '>=12'}
    peerDependencies:
      esbuild: 0.12 - 0.17
    dependencies:
      esbuild: 0.16.17
      find-up: 5.0.0
      tslib: 2.5.0
    dev: true

  /esbuild@0.16.17:
    resolution: {integrity: sha512-G8LEkV0XzDMNwXKgM0Jwu3nY3lSTwSGY6XbxM9cr9+s0T/qSV1q1JVPBGzm3dcjhCic9+emZDmMffkwgPeOeLg==}
    engines: {node: '>=12'}
    hasBin: true
    requiresBuild: true
    optionalDependencies:
      '@esbuild/android-arm': 0.16.17
      '@esbuild/android-arm64': 0.16.17
      '@esbuild/android-x64': 0.16.17
      '@esbuild/darwin-arm64': 0.16.17
      '@esbuild/darwin-x64': 0.16.17
      '@esbuild/freebsd-arm64': 0.16.17
      '@esbuild/freebsd-x64': 0.16.17
      '@esbuild/linux-arm': 0.16.17
      '@esbuild/linux-arm64': 0.16.17
      '@esbuild/linux-ia32': 0.16.17
      '@esbuild/linux-loong64': 0.16.17
      '@esbuild/linux-mips64el': 0.16.17
      '@esbuild/linux-ppc64': 0.16.17
      '@esbuild/linux-riscv64': 0.16.17
      '@esbuild/linux-s390x': 0.16.17
      '@esbuild/linux-x64': 0.16.17
      '@esbuild/netbsd-x64': 0.16.17
      '@esbuild/openbsd-x64': 0.16.17
      '@esbuild/sunos-x64': 0.16.17
      '@esbuild/win32-arm64': 0.16.17
      '@esbuild/win32-ia32': 0.16.17
      '@esbuild/win32-x64': 0.16.17
    dev: true

  /find-up@5.0.0:
    resolution: {integrity: sha512-78/PXT1wlLLDgTzDs7sjq9hzz0vXD+zn+7wypEe4fXQxCmdmqfGsEPQxmiCSQI3ajFV91bVSsvNtrJRiW6nGng==}
    engines: {node: '>=10'}
    dependencies:
      locate-path: 6.0.0
      path-exists: 4.0.0
    dev: true

  /follow-redirects@1.15.2:
    resolution: {integrity: sha512-VQLG33o04KaQ8uYi2tVNbdrWp1QWxNNea+nmIB4EVM28v0hmP17z7aG1+wAkNzVq4KeXTq3221ye5qTJP91JwA==}
    engines: {node: '>=4.0'}
    peerDependencies:
      debug: '*'
    peerDependenciesMeta:
      debug:
        optional: true
    dev: false

  /form-data@4.0.0:
    resolution: {integrity: sha512-ETEklSGi5t0QMZuiXoA/Q6vcnxcLQP5vdugSpuAyi6SVGi2clPPp+xgEhuMaHC+zGgn31Kd235W35f7Hykkaww==}
    engines: {node: '>= 6'}
    dependencies:
      asynckit: 0.4.0
      combined-stream: 1.0.8
      mime-types: 2.1.35
    dev: false

  /function-bind@1.1.1:
    resolution: {integrity: sha512-yIovAzMX49sF8Yl58fSCWJ5svSLuaibPxXQJFLmBObTuCr0Mf1KiPopGM9NiFjiYBCbfaa2Fh6breQ6ANVTI0A==}
    dev: false

  /get-intrinsic@1.2.0:
    resolution: {integrity: sha512-L049y6nFOuom5wGyRc3/gdTLO94dySVKRACj1RmJZBQXlbTMhtNIgkWkUHq+jYmZvKf14EW1EoJnnjbmoHij0Q==}
    dependencies:
      function-bind: 1.1.1
      has: 1.0.3
      has-symbols: 1.0.3
    dev: false

  /has-symbols@1.0.3:
    resolution: {integrity: sha512-l3LCuF6MgDNwTDKkdYGEihYjt5pRPbEg46rtlmnSPlUbgmB8LOIrKJbYYFBSbnPaJexMKtiPO8hmeRjRz2Td+A==}
    engines: {node: '>= 0.4'}
    dev: false

  /has@1.0.3:
    resolution: {integrity: sha512-f2dvO0VU6Oej7RkWJGrehjbzMAjFp5/VKPp5tTpWIV4JHHZK1/BxbFRtf/siA2SWTe09caDmVtYYzWEIbBS4zw==}
    engines: {node: '>= 0.4.0'}
    dependencies:
      function-bind: 1.1.1
    dev: false

  /locate-path@6.0.0:
    resolution: {integrity: sha512-iPZK6eYjbxRu3uB4/WZ3EsEIMJFMqAoopl3R+zuq0UjcAm/MO6KCweDgPfP3elTztoKP3KtnVHxTn2NHBSDVUw==}
    engines: {node: '>=10'}
    dependencies:
      p-locate: 5.0.0
    dev: true

  /lodash.clonedeep@4.5.0:
    resolution: {integrity: sha512-H5ZhCF25riFd9uB5UCkVKo61m3S/xZk1x4wA6yp/L3RFP6Z/eHH1ymQcGLo7J3GMPfm0V/7m1tryHuGVxpqEBQ==}
    dev: false

  /lodash.isequal@4.5.0:
    resolution: {integrity: sha512-pDo3lu8Jhfjqls6GkMgpahsF9kCyayhgykjyLMNFTKWrpVdAQtYyB4muAMWozBB4ig/dtWAmsMxLEI8wuz+DYQ==}
    dev: false

  /mime-db@1.52.0:
    resolution: {integrity: sha512-sPU4uV7dYlvtWJxwwxHD0PuihVNiE7TyAbQ5SWxDCB9mUYvOgroQOwYQQOKPJ8CIbE+1ETVlOoK1UC2nU3gYvg==}
    engines: {node: '>= 0.6'}
    dev: false

  /mime-types@2.1.35:
    resolution: {integrity: sha512-ZDY+bPm5zTTF+YpCrAU9nK0UgICYPT0QtT1NZWFv4s++TNkcgVaT0g6+4R2uI4MjQjzysHB1zxuWL50hzaeXiw==}
    engines: {node: '>= 0.6'}
    dependencies:
      mime-db: 1.52.0
    dev: false

  /nprogress@0.2.0:
    resolution: {integrity: sha512-I19aIingLgR1fmhftnbWWO3dXc0hSxqHQHQb3H8m+K3TnEn/iSeTZZOyvKXWqQESMwuUVnatlCnZdLBZZt2VSA==}
    dev: false

  /object-inspect@1.12.3:
    resolution: {integrity: sha512-geUvdk7c+eizMNUDkRpW1wJwgfOiOeHbxBR/hLXK1aT6zmVSO0jsQcs7fj6MGw89jC/cjGfLcNOrtMYtGqm81g==}
    dev: false

  /p-limit@3.1.0:
    resolution: {integrity: sha512-TYOanM3wGwNGsZN2cVTYPArw454xnXj5qmWF1bEoAc4+cU/ol7GVh7odevjp1FNHduHc3KZMcFduxU5Xc6uJRQ==}
    engines: {node: '>=10'}
    dependencies:
      yocto-queue: 0.1.0
    dev: true

  /p-locate@5.0.0:
    resolution: {integrity: sha512-LaNjtRWUBY++zB5nE/NwcaoMylSPk+S+ZHNB1TzdbMJMny6dynpAGt7X/tl/QYq3TIeE6nxHppbo2LGymrG5Pw==}
    engines: {node: '>=10'}
    dependencies:
      p-limit: 3.1.0
    dev: true

  /path-exists@4.0.0:
    resolution: {integrity: sha512-ak9Qy5Q7jYb2Wwcey5Fpvg2KoAc/ZIhLSLOSBmRmygPsGwkVVt0fZa0qrtMz+m6tJTAHfZQ8FnmB4MG4LWy7/w==}
    engines: {node: '>=8'}
    dev: true

  /prettier-plugin-organize-imports@3.2.2(prettier@2.8.8)(typescript@5.0.4):
    resolution: {integrity: sha512-e97lE6odGSiHonHJMTYC0q0iLXQyw0u5z/PJpvP/3vRy6/Zi9kLBwFAbEGjDzIowpjQv8b+J04PDamoUSQbzGA==}
    peerDependencies:
      '@volar/vue-language-plugin-pug': ^1.0.4
      '@volar/vue-typescript': ^1.0.4
      prettier: '>=2.0'
      typescript: '>=2.9'
    peerDependenciesMeta:
      '@volar/vue-language-plugin-pug':
        optional: true
      '@volar/vue-typescript':
        optional: true
    dependencies:
      prettier: 2.8.8
      typescript: 5.0.4
    dev: true

  /prettier@2.8.8:
    resolution: {integrity: sha512-tdN8qQGvNjw4CHbY+XXk0JgCXn9QiF21a55rBe5LJAU+kDyC4WQn4+awm2Xfk2lQMk5fKup9XgzTZtGkjBdP9Q==}
    engines: {node: '>=10.13.0'}
    hasBin: true
    dev: true

  /proxy-from-env@1.1.0:
    resolution: {integrity: sha512-D+zkORCbA9f1tdWRK0RaCR3GPv50cMxcrz4X8k5LTSUD1Dkw47mKJEZQNunItRTkWwgtaUSo1RVFRIG9ZXiFYg==}
    dev: false

  /qs@6.11.1:
    resolution: {integrity: sha512-0wsrzgTz/kAVIeuxSjnpGC56rzYtr6JT/2BwEvMaPhFIoYa1aGO8LbzuU1R0uUYQkLpWBTOj0l/CLAJB64J6nQ==}
    engines: {node: '>=0.6'}
    dependencies:
      side-channel: 1.0.4
    dev: false

  /seroval@0.5.1:
    resolution: {integrity: sha512-ZfhQVB59hmIauJG5Ydynupy8KHyr5imGNtdDhbZG68Ufh1Ynkv9KOYOAABf71oVbQxJ8VkWnMHAjEHE7fWkH5g==}
    engines: {node: '>=10'}
    dev: true

  /side-channel@1.0.4:
    resolution: {integrity: sha512-q5XPytqFEIKHkGdiMIrY10mvLRvnQh42/+GoBlFW3b2LXLE2xxJpZFdm94we0BaoV3RwJyGqg5wS7epxTv0Zvw==}
    dependencies:
      call-bind: 1.0.2
      get-intrinsic: 1.2.0
      object-inspect: 1.12.3
    dev: false

  /solid-js@1.7.5:
    resolution: {integrity: sha512-GfJ8na1e9FG1oAF5xC24BM+ATLym0sfH+ZblkbBFpueYdq3fWAoA5Ve+jGeIeLI7jmMGfa0rUaKruszNm2sH8w==}
    dependencies:
      csstype: 3.1.2
      seroval: 0.5.1
    dev: true

  /tslib@2.5.0:
    resolution: {integrity: sha512-336iVw3rtn2BUK7ORdIAHTyxHGRIHVReokCR3XjbckJMK7ms8FysBfhLR8IXnAgy7T0PTPNBWKiH514FOW/WSg==}
    dev: true

  /typescript@5.0.4:
    resolution: {integrity: sha512-cW9T5W9xY37cc+jfEnaUvX91foxtHkza3Nw3wkoF4sSlKn0MONdkdEndig/qPBWXNkmplh3NzayQzCiHM4/hqw==}
    engines: {node: '>=12.20'}
    hasBin: true
    dev: true

  /yocto-queue@0.1.0:
    resolution: {integrity: sha512-rVksvsnNCdJ/ohGc6xgPwyN8eheCxsiLM8mxuE/t/mOVqJewPuO1miLpTHQiRgTKCLexL4MeAFVagts7HmNZ2Q==}
    engines: {node: '>=10'}
    dev: true
